
Microsoft Visual Studio Solution File, Format Version 12.00
# Visual Studio Version 17
VisualStudioVersion = 17.1.32414.318
MinimumVisualStudioVersion = 10.0.40219.1
Project("{3502d055-791c-4e7d-93d1-aae1fa76e9c5}") = "WebAPITemplate", "WebAPITemplate\WebAPITemplate.csproj", "{GUID_2}"
EndProject
Project("{3502d055-791c-4e7d-93d1-aae1fa76e9c5}") = "WebAPITemplate.Tests", "WebAPITemplate.Tests\WebAPITemplate.Tests.csproj", "{GUID_3}"
EndProject
Global
	GlobalSection(SolutionConfigurationPlatforms) = preSolution
		Debug|Any CPU = Debug|Any CPU
		Release|Any CPU = Release|Any CPU
	EndGlobalSection
	GlobalSection(ProjectConfigurationPlatforms) = postSolution
		{GUID_2}.Debug|Any CPU.ActiveCfg = Debug|Any CPU
		{GUID_2}.Debug|Any CPU.Build.0 = Debug|Any CPU
		{GUID_2}.Release|Any CPU.ActiveCfg = Release|Any CPU
		{GUID_2}.Release|Any CPU.Build.0 = Release|Any CPU
		{GUID_3}.Debug|Any CPU.ActiveCfg = Debug|Any CPU
		{GUID_3}.Debug|Any CPU.Build.0 = Debug|Any CPU
		{GUID_3}.Release|Any CPU.ActiveCfg = Release|Any CPU
		{GUID_3}.Release|Any CPU.Build.0 = Release|Any CPU
	EndGlobalSection
	GlobalSection(SolutionProperties) = preSolution
		HideSolutionNode = FALSE
	EndGlobalSection
	GlobalSection(ExtensibilityGlobals) = postSolution
		SolutionGuid = {GUID_4}
	EndGlobalSection
EndGlobal
